
Microsoft Visual Studio Solution File, Format Version 12.00
# Visual Studio Version 17
VisualStudioVersion = 17.10.35013.160
MinimumVisualStudioVersion = 10.0.40219.1
Project("{FAE04EC0-301F-11D3-BF4B-00C04F79EFBC}") = "Project0", "Project0\Project0.csproj", "{F03F3FB2-AD84-4CF9-9B68-018B0E400F9A}"
EndProject
Global
	GlobalSection(SolutionConfigurationPlatforms) = preSolution
		Debug|Any CPU = Debug|Any CPU
		Release|Any CPU = Release|Any CPU
	EndGlobalSection
	GlobalSection(ProjectConfigurationPlatforms) = postSolution
		{F03F3FB2-AD84-4CF9-9B68-018B0E400F9A}.Debug|Any CPU.ActiveCfg = Debug|Any CPU
		{F03F3FB2-AD84-4CF9-9B68-018B0E400F9A}.Debug|Any CPU.Build.0 = Debug|Any CPU
		{F03F3FB2-AD84-4CF9-9B68-018B0E400F9A}.Release|Any CPU.ActiveCfg = Release|Any CPU
		{F03F3FB2-AD84-4CF9-9B68-018B0E400F9A}.Release|Any CPU.Build.0 = Release|Any CPU
	EndGlobalSection
	GlobalSection(SolutionProperties) = preSolution
		HideSolutionNode = FALSE
	EndGlobalSection
	GlobalSection(ExtensibilityGlobals) = postSolution
		SolutionGuid = {363650D7-D108-45DF-9164-2C8EC7DC10F6}
	EndGlobalSection
EndGlobal
